// !$*UTF8*$!
{
	archiveVersion = 1;
	classes = {
	};
	objectVersion = 56;
	objects = {

/* Begin PBXBuildFile section */
		A10000000000000000000001 /* IOSMetalShadersApp.swift in Sources */ = {isa = PBXBuildFile; fileRef = B10000000000000000000001 /* IOSMetalShadersApp.swift */; };
		A10000000000000000000002 /* ContentView.swift in Sources */ = {isa = PBXBuildFile; fileRef = B10000000000000000000002 /* ContentView.swift */; };
		A10000000000000000000003 /* AppTheme.swift in Sources */ = {isa = PBXBuildFile; fileRef = B10000000000000000000003 /* AppTheme.swift */; };
		A10000000000000000000004 /* ShaderCanvasView.swift in Sources */ = {isa = PBXBuildFile; fileRef = B10000000000000000000004 /* ShaderCanvasView.swift */; };
		A10000000000000000000005 /* ShaderPreviewCard.swift in Sources */ = {isa = PBXBuildFile; fileRef = B10000000000000000000005 /* ShaderPreviewCard.swift */; };
		A10000000000000000000006 /* GrayscaleDemoView.swift in Sources */ = {isa = PBXBuildFile; fileRef = B10000000000000000000006 /* GrayscaleDemoView.swift */; };
		A10000000000000000000007 /* ScanlinesDemoView.swift in Sources */ = {isa = PBXBuildFile; fileRef = B10000000000000000000007 /* ScanlinesDemoView.swift */; };
		A10000000000000000000008 /* WaveDemoView.swift in Sources */ = {isa = PBXBuildFile; fileRef = B10000000000000000000008 /* WaveDemoView.swift */; };
		A10000000000000000000009 /* Shaders.metal in Sources */ = {isa = PBXBuildFile; fileRef = B10000000000000000000009 /* Shaders.metal */; };
		A10000000000000000000011 /* OilPaintDemoView.swift in Sources */ = {isa = PBXBuildFile; fileRef = B10000000000000000000011 /* OilPaintDemoView.swift */; };
		A10000000000000000000012 /* OilPaint.metal in Sources */ = {isa = PBXBuildFile; fileRef = B10000000000000000000012 /* OilPaint.metal */; };
		A10000000000000000000013 /* HueRotationDemoView.swift in Sources */ = {isa = PBXBuildFile; fileRef = B10000000000000000000013 /* HueRotationDemoView.swift */; };
		A10000000000000000000014 /* HueRotation.metal in Sources */ = {isa = PBXBuildFile; fileRef = B10000000000000000000014 /* HueRotation.metal */; };
		A10000000000000000000015 /* PencilSketchDemoView.swift in Sources */ = {isa = PBXBuildFile; fileRef = B10000000000000000000015 /* PencilSketchDemoView.swift */; };
		A10000000000000000000016 /* PencilSketch.metal in Sources */ = {isa = PBXBuildFile; fileRef = B10000000000000000000016 /* PencilSketch.metal */; };
		A10000000000000000000017 /* MacroblockErrorDemoView.swift in Sources */ = {isa = PBXBuildFile; fileRef = B10000000000000000000017 /* MacroblockErrorDemoView.swift */; };
		A10000000000000000000018 /* MacroblockError.metal in Sources */ = {isa = PBXBuildFile; fileRef = B10000000000000000000018 /* MacroblockError.metal */; };
		A10000000000000000000019 /* FrostedNoiseDemoView.swift in Sources */ = {isa = PBXBuildFile; fileRef = B10000000000000000000019 /* FrostedNoiseDemoView.swift */; };
		A10000000000000000000020 /* FrostedNoise.metal in Sources */ = {isa = PBXBuildFile; fileRef = B10000000000000000000020 /* FrostedNoise.metal */; };
		A10000000000000000000021 /* TapeWrinkleDemoView.swift in Sources */ = {isa = PBXBuildFile; fileRef = B10000000000000000000021 /* TapeWrinkleDemoView.swift */; };
		A10000000000000000000022 /* TapeWrinkle.metal in Sources */ = {isa = PBXBuildFile; fileRef = B10000000000000000000022 /* TapeWrinkle.metal */; };
		A10000000000000000000023 /* ChannelFreezeDemoView.swift in Sources */ = {isa = PBXBuildFile; fileRef = B10000000000000000000023 /* ChannelFreezeDemoView.swift */; };
		A10000000000000000000024 /* ChannelFreeze.metal in Sources */ = {isa = PBXBuildFile; fileRef = B10000000000000000000024 /* ChannelFreeze.metal */; };
		A10000000000000000000025 /* SignalScrambleDemoView.swift in Sources */ = {isa = PBXBuildFile; fileRef = B10000000000000000000025 /* SignalScrambleDemoView.swift */; };
		A10000000000000000000026 /* SignalScramble.metal in Sources */ = {isa = PBXBuildFile; fileRef = B10000000000000000000026 /* SignalScramble.metal */; };
		A10000000000000000000027 /* BurnDissolveDemoView.swift in Sources */ = {isa = PBXBuildFile; fileRef = B10000000000000000000027 /* BurnDissolveDemoView.swift */; };
		A10000000000000000000028 /* BurnDissolve.metal in Sources */ = {isa = PBXBuildFile; fileRef = B10000000000000000000028 /* BurnDissolve.metal */; };
		A10000000000000000000029 /* ChromaticAberrationDemoView.swift in Sources */ = {isa = PBXBuildFile; fileRef = B10000000000000000000029 /* ChromaticAberrationDemoView.swift */; };
		A10000000000000000000030 /* ChromaticAberration.metal in Sources */ = {isa = PBXBuildFile; fileRef = B10000000000000000000030 /* ChromaticAberration.metal */; };
		A10000000000000000000031 /* BarcodeGlitchDemoView.swift in Sources */ = {isa = PBXBuildFile; fileRef = B10000000000000000000031 /* BarcodeGlitchDemoView.swift */; };
		A10000000000000000000032 /* BarcodeGlitch.metal in Sources */ = {isa = PBXBuildFile; fileRef = B10000000000000000000032 /* BarcodeGlitch.metal */; };
		A10000000000000000000033 /* HexBokehDemoView.swift in Sources */ = {isa = PBXBuildFile; fileRef = B10000000000000000000033 /* HexBokehDemoView.swift */; };
		A10000000000000000000034 /* HexBokeh.metal in Sources */ = {isa = PBXBuildFile; fileRef = B10000000000000000000034 /* HexBokeh.metal */; };
		A10000000000000000000035 /* FeedbackLoopDemoView.swift in Sources */ = {isa = PBXBuildFile; fileRef = B10000000000000000000035 /* FeedbackLoopDemoView.swift */; };
		A10000000000000000000036 /* FeedbackLoop.metal in Sources */ = {isa = PBXBuildFile; fileRef = B10000000000000000000036 /* FeedbackLoop.metal */; };
		A10000000000000000000037 /* PixelSortingDemoView.swift in Sources */ = {isa = PBXBuildFile; fileRef = B10000000000000000000037 /* PixelSortingDemoView.swift */; };
		A10000000000000000000038 /* PixelSorting.metal in Sources */ = {isa = PBXBuildFile; fileRef = B10000000000000000000038 /* PixelSorting.metal */; };
		A10000000000000000000039 /* CrosshatchDemoView.swift in Sources */ = {isa = PBXBuildFile; fileRef = B10000000000000000000039 /* CrosshatchDemoView.swift */; };
		A10000000000000000000040 /* Crosshatch.metal in Sources */ = {isa = PBXBuildFile; fileRef = B10000000000000000000040 /* Crosshatch.metal */; };
		A10000000000000000000041 /* SharpenDemoView.swift in Sources */ = {isa = PBXBuildFile; fileRef = B10000000000000000000041 /* SharpenDemoView.swift */; };
		A10000000000000000000042 /* Sharpen.metal in Sources */ = {isa = PBXBuildFile; fileRef = B10000000000000000000042 /* Sharpen.metal */; };
		A10000000000000000000043 /* RollingScanlinesDemoView.swift in Sources */ = {isa = PBXBuildFile; fileRef = B10000000000000000000043 /* RollingScanlinesDemoView.swift */; };
		A10000000000000000000044 /* RollingScanlines.metal in Sources */ = {isa = PBXBuildFile; fileRef = B10000000000000000000044 /* RollingScanlines.metal */; };
		A10000000000000000000045 /* DuotoneDemoView.swift in Sources */ = {isa = PBXBuildFile; fileRef = B10000000000000000000045 /* DuotoneDemoView.swift */; };
		A10000000000000000000046 /* Duotone.metal in Sources */ = {isa = PBXBuildFile; fileRef = B10000000000000000000046 /* Duotone.metal */; };
		A10000000000000000000047 /* BlockDisplacementDemoView.swift in Sources */ = {isa = PBXBuildFile; fileRef = B10000000000000000000047 /* BlockDisplacementDemoView.swift */; };
		A10000000000000000000048 /* BlockDisplacement.metal in Sources */ = {isa = PBXBuildFile; fileRef = B10000000000000000000048 /* BlockDisplacement.metal */; };
		A10000000000000000000049 /* PageCurlDemoView.swift in Sources */ = {isa = PBXBuildFile; fileRef = B10000000000000000000049 /* PageCurlDemoView.swift */; };
		A10000000000000000000050 /* PageCurl.metal in Sources */ = {isa = PBXBuildFile; fileRef = B10000000000000000000050 /* PageCurl.metal */; };
		A10000000000000000000051 /* SobelEdgesDemoView.swift in Sources */ = {isa = PBXBuildFile; fileRef = B10000000000000000000051 /* SobelEdgesDemoView.swift */; };
		A10000000000000000000052 /* SobelEdges.metal in Sources */ = {isa = PBXBuildFile; fileRef = B10000000000000000000052 /* SobelEdges.metal */; };
		A10000000000000000000053 /* WaterDropletsDemoView.swift in Sources */ = {isa = PBXBuildFile; fileRef = B10000000000000000000053 /* WaterDropletsDemoView.swift */; };
		A10000000000000000000054 /* WaterDroplets.metal in Sources */ = {isa = PBXBuildFile; fileRef = B10000000000000000000054 /* WaterDroplets.metal */; };
		A10000000000000000000055 /* CRTSyncLossDemoView.swift in Sources */ = {isa = PBXBuildFile; fileRef = B10000000000000000000055 /* CRTSyncLossDemoView.swift */; };
		A10000000000000000000056 /* CRTSyncLoss.metal in Sources */ = {isa = PBXBuildFile; fileRef = B10000000000000000000056 /* CRTSyncLoss.metal */; };
		A10000000000000000000057 /* FireDemoView.swift in Sources */ = {isa = PBXBuildFile; fileRef = B10000000000000000000057 /* FireDemoView.swift */; };
		A10000000000000000000058 /* Fire.metal in Sources */ = {isa = PBXBuildFile; fileRef = B10000000000000000000058 /* Fire.metal */; };
		A10000000000000000000059 /* ChannelSwapDemoView.swift in Sources */ = {isa = PBXBuildFile; fileRef = B10000000000000000000059 /* ChannelSwapDemoView.swift */; };
		A10000000000000000000060 /* ChannelSwap.metal in Sources */ = {isa = PBXBuildFile; fileRef = B10000000000000000000060 /* ChannelSwap.metal */; };
		A10000000000000000000061 /* TiltShiftDemoView.swift in Sources */ = {isa = PBXBuildFile; fileRef = B10000000000000000000061 /* TiltShiftDemoView.swift */; };
		A10000000000000000000062 /* TiltShift.metal in Sources */ = {isa = PBXBuildFile; fileRef = B10000000000000000000062 /* TiltShift.metal */; };
		A10000000000000000000063 /* VignetteDemoView.swift in Sources */ = {isa = PBXBuildFile; fileRef = B10000000000000000000063 /* VignetteDemoView.swift */; };
		A10000000000000000000064 /* Vignette.metal in Sources */ = {isa = PBXBuildFile; fileRef = B10000000000000000000064 /* Vignette.metal */; };
		A10000000000000000000065 /* WatercolorDemoView.swift in Sources */ = {isa = PBXBuildFile; fileRef = B10000000000000000000065 /* WatercolorDemoView.swift */; };
		A10000000000000000000066 /* Watercolor.metal in Sources */ = {isa = PBXBuildFile; fileRef = B10000000000000000000066 /* Watercolor.metal */; };
		A10000000000000000000067 /* LaplacianEdgesDemoView.swift in Sources */ = {isa = PBXBuildFile; fileRef = B10000000000000000000067 /* LaplacianEdgesDemoView.swift */; };
		A10000000000000000000068 /* LaplacianEdges.metal in Sources */ = {isa = PBXBuildFile; fileRef = B10000000000000000000068 /* LaplacianEdges.metal */; };
		A10000000000000000000069 /* VHSTrackingDemoView.swift in Sources */ = {isa = PBXBuildFile; fileRef = B10000000000000000000069 /* VHSTrackingDemoView.swift */; };
		A10000000000000000000070 /* VHSTracking.metal in Sources */ = {isa = PBXBuildFile; fileRef = B10000000000000000000070 /* VHSTracking.metal */; };
		A10000000000000000000071 /* BoxBlurDemoView.swift in Sources */ = {isa = PBXBuildFile; fileRef = B10000000000000000000071 /* BoxBlurDemoView.swift */; };
		A10000000000000000000072 /* BoxBlur.metal in Sources */ = {isa = PBXBuildFile; fileRef = B10000000000000000000072 /* BoxBlur.metal */; };
		A10000000000000000000073 /* StarfieldDemoView.swift in Sources */ = {isa = PBXBuildFile; fileRef = B10000000000000000000073 /* StarfieldDemoView.swift */; };
		A10000000000000000000074 /* Starfield.metal in Sources */ = {isa = PBXBuildFile; fileRef = B10000000000000000000074 /* Starfield.metal */; };
		A10000000000000000000075 /* PerspectiveTiltDemoView.swift in Sources */ = {isa = PBXBuildFile; fileRef = B10000000000000000000075 /* PerspectiveTiltDemoView.swift */; };
		A10000000000000000000076 /* PerspectiveTilt.metal in Sources */ = {isa = PBXBuildFile; fileRef = B10000000000000000000076 /* PerspectiveTilt.metal */; };
		A10000000000000000000077 /* HalftoneDemoView.swift in Sources */ = {isa = PBXBuildFile; fileRef = B10000000000000000000077 /* HalftoneDemoView.swift */; };
		A10000000000000000000078 /* Halftone.metal in Sources */ = {isa = PBXBuildFile; fileRef = B10000000000000000000078 /* Halftone.metal */; };
		A10000000000000000000079 /* BayerDitherDemoView.swift in Sources */ = {isa = PBXBuildFile; fileRef = B10000000000000000000079 /* BayerDitherDemoView.swift */; };
		A10000000000000000000080 /* BayerDither.metal in Sources */ = {isa = PBXBuildFile; fileRef = B10000000000000000000080 /* BayerDither.metal */; };
		A10000000000000000000081 /* ColorInvertDemoView.swift in Sources */ = {isa = PBXBuildFile; fileRef = B10000000000000000000081 /* ColorInvertDemoView.swift */; };
		A10000000000000000000082 /* ColorInvert.metal in Sources */ = {isa = PBXBuildFile; fileRef = B10000000000000000000082 /* ColorInvert.metal */; };
		A10000000000000000000083 /* EchoFramesDemoView.swift in Sources */ = {isa = PBXBuildFile; fileRef = B10000000000000000000083 /* EchoFramesDemoView.swift */; };
		A10000000000000000000084 /* EchoFrames.metal in Sources */ = {isa = PBXBuildFile; fileRef = B10000000000000000000084 /* EchoFrames.metal */; };
		A10000000000000000000085 /* PixelTransitionDemoView.swift in Sources */ = {isa = PBXBuildFile; fileRef = B10000000000000000000085 /* PixelTransitionDemoView.swift */; };
		A10000000000000000000086 /* PixelTransition.metal in Sources */ = {isa = PBXBuildFile; fileRef = B10000000000000000000086 /* PixelTransition.metal */; };
		A10000000000000000000087 /* IrisRevealDemoView.swift in Sources */ = {isa = PBXBuildFile; fileRef = B10000000000000000000087 /* IrisRevealDemoView.swift */; };
		A10000000000000000000088 /* IrisReveal.metal in Sources */ = {isa = PBXBuildFile; fileRef = B10000000000000000000088 /* IrisReveal.metal */; };
		A10000000000000000000089 /* RippleDemoView.swift in Sources */ = {isa = PBXBuildFile; fileRef = B10000000000000000000089 /* RippleDemoView.swift */; };
		A10000000000000000000090 /* Ripple.metal in Sources */ = {isa = PBXBuildFile; fileRef = B10000000000000000000090 /* Ripple.metal */; };
		A10000000000000000000091 /* FilmGrainDemoView.swift in Sources */ = {isa = PBXBuildFile; fileRef = B10000000000000000000091 /* FilmGrainDemoView.swift */; };
		A10000000000000000000092 /* FilmGrain.metal in Sources */ = {isa = PBXBuildFile; fileRef = B10000000000000000000092 /* FilmGrain.metal */; };
		A10000000000000000000093 /* BrightnessDemoView.swift in Sources */ = {isa = PBXBuildFile; fileRef = B10000000000000000000093 /* BrightnessDemoView.swift */; };
		A10000000000000000000094 /* Brightness.metal in Sources */ = {isa = PBXBuildFile; fileRef = B10000000000000000000094 /* Brightness.metal */; };
		A10000000000000000000095 /* DirectionalBlurDemoView.swift in Sources */ = {isa = PBXBuildFile; fileRef = B10000000000000000000095 /* DirectionalBlurDemoView.swift */; };
		A10000000000000000000096 /* DirectionalBlur.metal in Sources */ = {isa = PBXBuildFile; fileRef = B10000000000000000000096 /* DirectionalBlur.metal */; };
		A10000000000000000000097 /* BlueNoiseDitherDemoView.swift in Sources */ = {isa = PBXBuildFile; fileRef = B10000000000000000000097 /* BlueNoiseDitherDemoView.swift */; };
		A10000000000000000000098 /* BlueNoiseDither.metal in Sources */ = {isa = PBXBuildFile; fileRef = B10000000000000000000098 /* BlueNoiseDither.metal */; };
		A10000000000000000000099 /* MagnifyingGlassDemoView.swift in Sources */ = {isa = PBXBuildFile; fileRef = B10000000000000000000099 /* MagnifyingGlassDemoView.swift */; };
		A10000000000000000000100 /* MagnifyingGlass.metal in Sources */ = {isa = PBXBuildFile; fileRef = B10000000000000000000100 /* MagnifyingGlass.metal */; };
		A10000000000000000000101 /* StippleDemoView.swift in Sources */ = {isa = PBXBuildFile; fileRef = B10000000000000000000101 /* StippleDemoView.swift */; };
		A10000000000000000000102 /* Stipple.metal in Sources */ = {isa = PBXBuildFile; fileRef = B10000000000000000000102 /* Stipple.metal */; };
		A10000000000000000000103 /* SpherizeDemoView.swift in Sources */ = {isa = PBXBuildFile; fileRef = B10000000000000000000103 /* SpherizeDemoView.swift */; };
		A10000000000000000000104 /* Spherize.metal in Sources */ = {isa = PBXBuildFile; fileRef = B10000000000000000000104 /* Spherize.metal */; };
		A10000000000000000000105 /* ZoomBlurDemoView.swift in Sources */ = {isa = PBXBuildFile; fileRef = B10000000000000000000105 /* ZoomBlurDemoView.swift */; };
		A10000000000000000000106 /* ZoomBlur.metal in Sources */ = {isa = PBXBuildFile; fileRef = B10000000000000000000106 /* ZoomBlur.metal */; };
		A10000000000000000000107 /* BarrelDistortionDemoView.swift in Sources */ = {isa = PBXBuildFile; fileRef = B10000000000000000000107 /* BarrelDistortionDemoView.swift */; };
		A10000000000000000000108 /* BarrelDistortion.metal in Sources */ = {isa = PBXBuildFile; fileRef = B10000000000000000000108 /* BarrelDistortion.metal */; };
		A10000000000000000000109 /* VoronoiCellsDemoView.swift in Sources */ = {isa = PBXBuildFile; fileRef = B10000000000000000000109 /* VoronoiCellsDemoView.swift */; };
		A10000000000000000000110 /* VoronoiCells.metal in Sources */ = {isa = PBXBuildFile; fileRef = B10000000000000000000110 /* VoronoiCells.metal */; };
		A10000000000000000000111 /* CanvasTextureDemoView.swift in Sources */ = {isa = PBXBuildFile; fileRef = B10000000000000000000111 /* CanvasTextureDemoView.swift */; };
		A10000000000000000000112 /* CanvasTexture.metal in Sources */ = {isa = PBXBuildFile; fileRef = B10000000000000000000112 /* CanvasTexture.metal */; };
/* End PBXBuildFile section */

/* Begin PBXFileReference section */
		B10000000000000000000001 /* IOSMetalShadersApp.swift */ = {isa = PBXFileReference; lastKnownFileType = sourcecode.swift; path = IOSMetalShadersApp.swift; sourceTree = "<group>"; };
		B10000000000000000000002 /* ContentView.swift */ = {isa = PBXFileReference; lastKnownFileType = sourcecode.swift; path = ContentView.swift; sourceTree = "<group>"; };
		B10000000000000000000003 /* AppTheme.swift */ = {isa = PBXFileReference; lastKnownFileType = sourcecode.swift; path = AppTheme.swift; sourceTree = "<group>"; };
		B10000000000000000000004 /* ShaderCanvasView.swift */ = {isa = PBXFileReference; lastKnownFileType = sourcecode.swift; path = ShaderCanvasView.swift; sourceTree = "<group>"; };
		B10000000000000000000005 /* ShaderPreviewCard.swift */ = {isa = PBXFileReference; lastKnownFileType = sourcecode.swift; path = ShaderPreviewCard.swift; sourceTree = "<group>"; };
		B10000000000000000000006 /* GrayscaleDemoView.swift */ = {isa = PBXFileReference; lastKnownFileType = sourcecode.swift; path = GrayscaleDemoView.swift; sourceTree = "<group>"; };
		B10000000000000000000007 /* ScanlinesDemoView.swift */ = {isa = PBXFileReference; lastKnownFileType = sourcecode.swift; path = ScanlinesDemoView.swift; sourceTree = "<group>"; };
		B10000000000000000000008 /* WaveDemoView.swift */ = {isa = PBXFileReference; lastKnownFileType = sourcecode.swift; path = WaveDemoView.swift; sourceTree = "<group>"; };
		B10000000000000000000009 /* Shaders.metal */ = {isa = PBXFileReference; lastKnownFileType = sourcecode.metal; path = Shaders.metal; sourceTree = "<group>"; };
		B10000000000000000000011 /* OilPaintDemoView.swift */ = {isa = PBXFileReference; lastKnownFileType = sourcecode.swift; path = OilPaintDemoView.swift; sourceTree = "<group>"; };
		B10000000000000000000012 /* OilPaint.metal */ = {isa = PBXFileReference; lastKnownFileType = sourcecode.metal; path = OilPaint.metal; sourceTree = "<group>"; };
		B10000000000000000000013 /* HueRotationDemoView.swift */ = {isa = PBXFileReference; lastKnownFileType = sourcecode.swift; path = HueRotationDemoView.swift; sourceTree = "<group>"; };
		B10000000000000000000014 /* HueRotation.metal */ = {isa = PBXFileReference; lastKnownFileType = sourcecode.metal; path = HueRotation.metal; sourceTree = "<group>"; };
		B10000000000000000000015 /* PencilSketchDemoView.swift */ = {isa = PBXFileReference; lastKnownFileType = sourcecode.swift; path = PencilSketchDemoView.swift; sourceTree = "<group>"; };
		B10000000000000000000016 /* PencilSketch.metal */ = {isa = PBXFileReference; lastKnownFileType = sourcecode.metal; path = PencilSketch.metal; sourceTree = "<group>"; };
		B10000000000000000000017 /* MacroblockErrorDemoView.swift */ = {isa = PBXFileReference; lastKnownFileType = sourcecode.swift; path = MacroblockErrorDemoView.swift; sourceTree = "<group>"; };
		B10000000000000000000018 /* MacroblockError.metal */ = {isa = PBXFileReference; lastKnownFileType = sourcecode.metal; path = MacroblockError.metal; sourceTree = "<group>"; };
		B10000000000000000000019 /* FrostedNoiseDemoView.swift */ = {isa = PBXFileReference; lastKnownFileType = sourcecode.swift; path = FrostedNoiseDemoView.swift; sourceTree = "<group>"; };
		B10000000000000000000020 /* FrostedNoise.metal */ = {isa = PBXFileReference; lastKnownFileType = sourcecode.metal; path = FrostedNoise.metal; sourceTree = "<group>"; };
		B10000000000000000000021 /* TapeWrinkleDemoView.swift */ = {isa = PBXFileReference; lastKnownFileType = sourcecode.swift; path = TapeWrinkleDemoView.swift; sourceTree = "<group>"; };
		B10000000000000000000022 /* TapeWrinkle.metal */ = {isa = PBXFileReference; lastKnownFileType = sourcecode.metal; path = TapeWrinkle.metal; sourceTree = "<group>"; };
		B10000000000000000000023 /* ChannelFreezeDemoView.swift */ = {isa = PBXFileReference; lastKnownFileType = sourcecode.swift; path = ChannelFreezeDemoView.swift; sourceTree = "<group>"; };
		B10000000000000000000024 /* ChannelFreeze.metal */ = {isa = PBXFileReference; lastKnownFileType = sourcecode.metal; path = ChannelFreeze.metal; sourceTree = "<group>"; };
		B10000000000000000000025 /* SignalScrambleDemoView.swift */ = {isa = PBXFileReference; lastKnownFileType = sourcecode.swift; path = SignalScrambleDemoView.swift; sourceTree = "<group>"; };
		B10000000000000000000026 /* SignalScramble.metal */ = {isa = PBXFileReference; lastKnownFileType = sourcecode.metal; path = SignalScramble.metal; sourceTree = "<group>"; };
		B10000000000000000000027 /* BurnDissolveDemoView.swift */ = {isa = PBXFileReference; lastKnownFileType = sourcecode.swift; path = BurnDissolveDemoView.swift; sourceTree = "<group>"; };
		B10000000000000000000028 /* BurnDissolve.metal */ = {isa = PBXFileReference; lastKnownFileType = sourcecode.metal; path = BurnDissolve.metal; sourceTree = "<group>"; };
		B10000000000000000000029 /* ChromaticAberrationDemoView.swift */ = {isa = PBXFileReference; lastKnownFileType = sourcecode.swift; path = ChromaticAberrationDemoView.swift; sourceTree = "<group>"; };
		B10000000000000000000030 /* ChromaticAberration.metal */ = {isa = PBXFileReference; lastKnownFileType = sourcecode.metal; path = ChromaticAberration.metal; sourceTree = "<group>"; };
		B10000000000000000000031 /* BarcodeGlitchDemoView.swift */ = {isa = PBXFileReference; lastKnownFileType = sourcecode.swift; path = BarcodeGlitchDemoView.swift; sourceTree = "<group>"; };
		B10000000000000000000032 /* BarcodeGlitch.metal */ = {isa = PBXFileReference; lastKnownFileType = sourcecode.metal; path = BarcodeGlitch.metal; sourceTree = "<group>"; };
		B10000000000000000000010 /* IOSMetalShaders.app */ = {isa = PBXFileReference; explicitFileType = wrapper.application; includeInIndex = 0; path = IOSMetalShaders.app; sourceTree = BUILT_PRODUCTS_DIR; };
		B10000000000000000000033 /* HexBokehDemoView.swift */ = {isa = PBXFileReference; lastKnownFileType = sourcecode.swift; path = HexBokehDemoView.swift; sourceTree = "<group>"; };
		B10000000000000000000034 /* HexBokeh.metal */ = {isa = PBXFileReference; lastKnownFileType = sourcecode.metal; path = HexBokeh.metal; sourceTree = "<group>"; };
		B10000000000000000000035 /* FeedbackLoopDemoView.swift */ = {isa = PBXFileReference; lastKnownFileType = sourcecode.swift; path = FeedbackLoopDemoView.swift; sourceTree = "<group>"; };
		B10000000000000000000036 /* FeedbackLoop.metal */ = {isa = PBXFileReference; lastKnownFileType = sourcecode.metal; path = FeedbackLoop.metal; sourceTree = "<group>"; };
		B10000000000000000000037 /* PixelSortingDemoView.swift */ = {isa = PBXFileReference; lastKnownFileType = sourcecode.swift; path = PixelSortingDemoView.swift; sourceTree = "<group>"; };
		B10000000000000000000038 /* PixelSorting.metal */ = {isa = PBXFileReference; lastKnownFileType = sourcecode.metal; path = PixelSorting.metal; sourceTree = "<group>"; };
		B10000000000000000000039 /* CrosshatchDemoView.swift */ = {isa = PBXFileReference; lastKnownFileType = sourcecode.swift; path = CrosshatchDemoView.swift; sourceTree = "<group>"; };
		B10000000000000000000040 /* Crosshatch.metal */ = {isa = PBXFileReference; lastKnownFileType = sourcecode.metal; path = Crosshatch.metal; sourceTree = "<group>"; };
		B10000000000000000000041 /* SharpenDemoView.swift */ = {isa = PBXFileReference; lastKnownFileType = sourcecode.swift; path = SharpenDemoView.swift; sourceTree = "<group>"; };
		B10000000000000000000042 /* Sharpen.metal */ = {isa = PBXFileReference; lastKnownFileType = sourcecode.metal; path = Sharpen.metal; sourceTree = "<group>"; };
		B10000000000000000000043 /* RollingScanlinesDemoView.swift */ = {isa = PBXFileReference; lastKnownFileType = sourcecode.swift; path = RollingScanlinesDemoView.swift; sourceTree = "<group>"; };
		B10000000000000000000044 /* RollingScanlines.metal */ = {isa = PBXFileReference; lastKnownFileType = sourcecode.metal; path = RollingScanlines.metal; sourceTree = "<group>"; };
		B10000000000000000000045 /* DuotoneDemoView.swift */ = {isa = PBXFileReference; lastKnownFileType = sourcecode.swift; path = DuotoneDemoView.swift; sourceTree = "<group>"; };
		B10000000000000000000046 /* Duotone.metal */ = {isa = PBXFileReference; lastKnownFileType = sourcecode.metal; path = Duotone.metal; sourceTree = "<group>"; };
		B10000000000000000000047 /* BlockDisplacementDemoView.swift */ = {isa = PBXFileReference; lastKnownFileType = sourcecode.swift; path = BlockDisplacementDemoView.swift; sourceTree = "<group>"; };
		B10000000000000000000048 /* BlockDisplacement.metal */ = {isa = PBXFileReference; lastKnownFileType = sourcecode.metal; path = BlockDisplacement.metal; sourceTree = "<group>"; };
		B10000000000000000000049 /* PageCurlDemoView.swift */ = {isa = PBXFileReference; lastKnownFileType = sourcecode.swift; path = PageCurlDemoView.swift; sourceTree = "<group>"; };
		B10000000000000000000050 /* PageCurl.metal */ = {isa = PBXFileReference; lastKnownFileType = sourcecode.metal; path = PageCurl.metal; sourceTree = "<group>"; };
		B10000000000000000000051 /* SobelEdgesDemoView.swift */ = {isa = PBXFileReference; lastKnownFileType = sourcecode.swift; path = SobelEdgesDemoView.swift; sourceTree = "<group>"; };
		B10000000000000000000052 /* SobelEdges.metal */ = {isa = PBXFileReference; lastKnownFileType = sourcecode.metal; path = SobelEdges.metal; sourceTree = "<group>"; };
		B10000000000000000000053 /* WaterDropletsDemoView.swift */ = {isa = PBXFileReference; lastKnownFileType = sourcecode.swift; path = WaterDropletsDemoView.swift; sourceTree = "<group>"; };
		B10000000000000000000054 /* WaterDroplets.metal */ = {isa = PBXFileReference; lastKnownFileType = sourcecode.metal; path = WaterDroplets.metal; sourceTree = "<group>"; };
		B10000000000000000000055 /* CRTSyncLossDemoView.swift */ = {isa = PBXFileReference; lastKnownFileType = sourcecode.swift; path = CRTSyncLossDemoView.swift; sourceTree = "<group>"; };
		B10000000000000000000056 /* CRTSyncLoss.metal */ = {isa = PBXFileReference; lastKnownFileType = sourcecode.metal; path = CRTSyncLoss.metal; sourceTree = "<group>"; };
		B10000000000000000000057 /* FireDemoView.swift */ = {isa = PBXFileReference; lastKnownFileType = sourcecode.swift; path = FireDemoView.swift; sourceTree = "<group>"; };
		B10000000000000000000058 /* Fire.metal */ = {isa = PBXFileReference; lastKnownFileType = sourcecode.metal; path = Fire.metal; sourceTree = "<group>"; };
		B10000000000000000000059 /* ChannelSwapDemoView.swift */ = {isa = PBXFileReference; lastKnownFileType = sourcecode.swift; path = ChannelSwapDemoView.swift; sourceTree = "<group>"; };
		B10000000000000000000060 /* ChannelSwap.metal */ = {isa = PBXFileReference; lastKnownFileType = sourcecode.metal; path = ChannelSwap.metal; sourceTree = "<group>"; };
		B10000000000000000000061 /* TiltShiftDemoView.swift */ = {isa = PBXFileReference; lastKnownFileType = sourcecode.swift; path = TiltShiftDemoView.swift; sourceTree = "<group>"; };
		B10000000000000000000062 /* TiltShift.metal */ = {isa = PBXFileReference; lastKnownFileType = sourcecode.metal; path = TiltShift.metal; sourceTree = "<group>"; };
		B10000000000000000000063 /* VignetteDemoView.swift */ = {isa = PBXFileReference; lastKnownFileType = sourcecode.swift; path = VignetteDemoView.swift; sourceTree = "<group>"; };
		B10000000000000000000064 /* Vignette.metal */ = {isa = PBXFileReference; lastKnownFileType = sourcecode.metal; path = Vignette.metal; sourceTree = "<group>"; };
		B10000000000000000000065 /* WatercolorDemoView.swift */ = {isa = PBXFileReference; lastKnownFileType = sourcecode.swift; path = WatercolorDemoView.swift; sourceTree = "<group>"; };
		B10000000000000000000066 /* Watercolor.metal */ = {isa = PBXFileReference; lastKnownFileType = sourcecode.metal; path = Watercolor.metal; sourceTree = "<group>"; };
		B10000000000000000000067 /* LaplacianEdgesDemoView.swift */ = {isa = PBXFileReference; lastKnownFileType = sourcecode.swift; path = LaplacianEdgesDemoView.swift; sourceTree = "<group>"; };
		B10000000000000000000068 /* LaplacianEdges.metal */ = {isa = PBXFileReference; lastKnownFileType = sourcecode.metal; path = LaplacianEdges.metal; sourceTree = "<group>"; };
		B10000000000000000000069 /* VHSTrackingDemoView.swift */ = {isa = PBXFileReference; lastKnownFileType = sourcecode.swift; path = VHSTrackingDemoView.swift; sourceTree = "<group>"; };
		B10000000000000000000070 /* VHSTracking.metal */ = {isa = PBXFileReference; lastKnownFileType = sourcecode.metal; path = VHSTracking.metal; sourceTree = "<group>"; };
		B10000000000000000000071 /* BoxBlurDemoView.swift */ = {isa = PBXFileReference; lastKnownFileType = sourcecode.swift; path = BoxBlurDemoView.swift; sourceTree = "<group>"; };
		B10000000000000000000072 /* BoxBlur.metal */ = {isa = PBXFileReference; lastKnownFileType = sourcecode.metal; path = BoxBlur.metal; sourceTree = "<group>"; };
		B10000000000000000000073 /* StarfieldDemoView.swift */ = {isa = PBXFileReference; lastKnownFileType = sourcecode.swift; path = StarfieldDemoView.swift; sourceTree = "<group>"; };
		B10000000000000000000074 /* Starfield.metal */ = {isa = PBXFileReference; lastKnownFileType = sourcecode.metal; path = Starfield.metal; sourceTree = "<group>"; };
		B10000000000000000000075 /* PerspectiveTiltDemoView.swift */ = {isa = PBXFileReference; lastKnownFileType = sourcecode.swift; path = PerspectiveTiltDemoView.swift; sourceTree = "<group>"; };
		B10000000000000000000076 /* PerspectiveTilt.metal */ = {isa = PBXFileReference; lastKnownFileType = sourcecode.metal; path = PerspectiveTilt.metal; sourceTree = "<group>"; };
		B10000000000000000000077 /* HalftoneDemoView.swift */ = {isa = PBXFileReference; lastKnownFileType = sourcecode.swift; path = HalftoneDemoView.swift; sourceTree = "<group>"; };
		B10000000000000000000078 /* Halftone.metal */ = {isa = PBXFileReference; lastKnownFileType = sourcecode.metal; path = Halftone.metal; sourceTree = "<group>"; };
		B10000000000000000000079 /* BayerDitherDemoView.swift */ = {isa = PBXFileReference; lastKnownFileType = sourcecode.swift; path = BayerDitherDemoView.swift; sourceTree = "<group>"; };
		B10000000000000000000080 /* BayerDither.metal */ = {isa = PBXFileReference; lastKnownFileType = sourcecode.metal; path = BayerDither.metal; sourceTree = "<group>"; };
		B10000000000000000000081 /* ColorInvertDemoView.swift */ = {isa = PBXFileReference; lastKnownFileType = sourcecode.swift; path = ColorInvertDemoView.swift; sourceTree = "<group>"; };
		B10000000000000000000082 /* ColorInvert.metal */ = {isa = PBXFileReference; lastKnownFileType = sourcecode.metal; path = ColorInvert.metal; sourceTree = "<group>"; };
		B10000000000000000000083 /* EchoFramesDemoView.swift */ = {isa = PBXFileReference; lastKnownFileType = sourcecode.swift; path = EchoFramesDemoView.swift; sourceTree = "<group>"; };
		B10000000000000000000084 /* EchoFrames.metal */ = {isa = PBXFileReference; lastKnownFileType = sourcecode.metal; path = EchoFrames.metal; sourceTree = "<group>"; };
		B10000000000000000000085 /* PixelTransitionDemoView.swift */ = {isa = PBXFileReference; lastKnownFileType = sourcecode.swift; path = PixelTransitionDemoView.swift; sourceTree = "<group>"; };
		B10000000000000000000086 /* PixelTransition.metal */ = {isa = PBXFileReference; lastKnownFileType = sourcecode.metal; path = PixelTransition.metal; sourceTree = "<group>"; };
		B10000000000000000000087 /* IrisRevealDemoView.swift */ = {isa = PBXFileReference; lastKnownFileType = sourcecode.swift; path = IrisRevealDemoView.swift; sourceTree = "<group>"; };
		B10000000000000000000088 /* IrisReveal.metal */ = {isa = PBXFileReference; lastKnownFileType = sourcecode.metal; path = IrisReveal.metal; sourceTree = "<group>"; };
		B10000000000000000000089 /* RippleDemoView.swift */ = {isa = PBXFileReference; lastKnownFileType = sourcecode.swift; path = RippleDemoView.swift; sourceTree = "<group>"; };
		B10000000000000000000090 /* Ripple.metal */ = {isa = PBXFileReference; lastKnownFileType = sourcecode.metal; path = Ripple.metal; sourceTree = "<group>"; };
		B10000000000000000000091 /* FilmGrainDemoView.swift */ = {isa = PBXFileReference; lastKnownFileType = sourcecode.swift; path = FilmGrainDemoView.swift; sourceTree = "<group>"; };
		B10000000000000000000092 /* FilmGrain.metal */ = {isa = PBXFileReference; lastKnownFileType = sourcecode.metal; path = FilmGrain.metal; sourceTree = "<group>"; };
		B10000000000000000000093 /* BrightnessDemoView.swift */ = {isa = PBXFileReference; lastKnownFileType = sourcecode.swift; path = BrightnessDemoView.swift; sourceTree = "<group>"; };
		B10000000000000000000094 /* Brightness.metal */ = {isa = PBXFileReference; lastKnownFileType = sourcecode.metal; path = Brightness.metal; sourceTree = "<group>"; };
		B10000000000000000000095 /* DirectionalBlurDemoView.swift */ = {isa = PBXFileReference; lastKnownFileType = sourcecode.swift; path = DirectionalBlurDemoView.swift; sourceTree = "<group>"; };
		B10000000000000000000096 /* DirectionalBlur.metal */ = {isa = PBXFileReference; lastKnownFileType = sourcecode.metal; path = DirectionalBlur.metal; sourceTree = "<group>"; };
		B10000000000000000000097 /* BlueNoiseDitherDemoView.swift */ = {isa = PBXFileReference; lastKnownFileType = sourcecode.swift; path = BlueNoiseDitherDemoView.swift; sourceTree = "<group>"; };
		B10000000000000000000098 /* BlueNoiseDither.metal */ = {isa = PBXFileReference; lastKnownFileType = sourcecode.metal; path = BlueNoiseDither.metal; sourceTree = "<group>"; };
		B10000000000000000000099 /* MagnifyingGlassDemoView.swift */ = {isa = PBXFileReference; lastKnownFileType = sourcecode.swift; path = MagnifyingGlassDemoView.swift; sourceTree = "<group>"; };
		B10000000000000000000100 /* MagnifyingGlass.metal */ = {isa = PBXFileReference; lastKnownFileType = sourcecode.metal; path = MagnifyingGlass.metal; sourceTree = "<group>"; };
		B10000000000000000000101 /* StippleDemoView.swift */ = {isa = PBXFileReference; lastKnownFileType = sourcecode.swift; path = StippleDemoView.swift; sourceTree = "<group>"; };
		B10000000000000000000102 /* Stipple.metal */ = {isa = PBXFileReference; lastKnownFileType = sourcecode.metal; path = Stipple.metal; sourceTree = "<group>"; };
		B10000000000000000000103 /* SpherizeDemoView.swift */ = {isa = PBXFileReference; lastKnownFileType = sourcecode.swift; path = SpherizeDemoView.swift; sourceTree = "<group>"; };
		B10000000000000000000104 /* Spherize.metal */ = {isa = PBXFileReference; lastKnownFileType = sourcecode.metal; path = Spherize.metal; sourceTree = "<group>"; };
		B10000000000000000000105 /* ZoomBlurDemoView.swift */ = {isa = PBXFileReference; lastKnownFileType = sourcecode.swift; path = ZoomBlurDemoView.swift; sourceTree = "<group>"; };
		B10000000000000000000106 /* ZoomBlur.metal */ = {isa = PBXFileReference; lastKnownFileType = sourcecode.metal; path = ZoomBlur.metal; sourceTree = "<group>"; };
		B10000000000000000000107 /* BarrelDistortionDemoView.swift */ = {isa = PBXFileReference; lastKnownFileType = sourcecode.swift; path = BarrelDistortionDemoView.swift; sourceTree = "<group>"; };
		B10000000000000000000108 /* BarrelDistortion.metal */ = {isa = PBXFileReference; lastKnownFileType = sourcecode.metal; path = BarrelDistortion.metal; sourceTree = "<group>"; };
		B10000000000000000000109 /* VoronoiCellsDemoView.swift */ = {isa = PBXFileReference; lastKnownFileType = sourcecode.swift; path = VoronoiCellsDemoView.swift; sourceTree = "<group>"; };
		B10000000000000000000110 /* VoronoiCells.metal */ = {isa = PBXFileReference; lastKnownFileType = sourcecode.metal; path = VoronoiCells.metal; sourceTree = "<group>"; };
		B10000000000000000000111 /* CanvasTextureDemoView.swift */ = {isa = PBXFileReference; lastKnownFileType = sourcecode.swift; path = CanvasTextureDemoView.swift; sourceTree = "<group>"; };
		B10000000000000000000112 /* CanvasTexture.metal */ = {isa = PBXFileReference; lastKnownFileType = sourcecode.metal; path = CanvasTexture.metal; sourceTree = "<group>"; };
/* End PBXFileReference section */

/* Begin PBXFrameworksBuildPhase section */
		C10000000000000000000001 /* Frameworks */ = {
			isa = PBXFrameworksBuildPhase;
			buildActionMask = 2147483647;
			files = (
			);
			runOnlyForDeploymentPostprocessing = 0;
		};
/* End PBXFrameworksBuildPhase section */

/* Begin PBXGroup section */
		D10000000000000000000001 = {
			isa = PBXGroup;
			children = (
				D10000000000000000000002 /* IOSMetalShaders */,
				D10000000000000000000005 /* Products */,
			);
			sourceTree = "<group>";
		};
		D10000000000000000000002 /* IOSMetalShaders */ = {
			isa = PBXGroup;
			children = (
				B10000000000000000000001 /* IOSMetalShadersApp.swift */,
				B10000000000000000000002 /* ContentView.swift */,
				B10000000000000000000003 /* AppTheme.swift */,
				D10000000000000000000003 /* Views */,
				D10000000000000000000004 /* Shaders */,
			);
			path = IOSMetalShaders;
			sourceTree = "<group>";
		};
		D10000000000000000000003 /* Views */ = {
			isa = PBXGroup;
			children = (
				B10000000000000000000004 /* ShaderCanvasView.swift */,
				B10000000000000000000005 /* ShaderPreviewCard.swift */,
				B10000000000000000000006 /* GrayscaleDemoView.swift */,
				B10000000000000000000007 /* ScanlinesDemoView.swift */,
				B10000000000000000000008 /* WaveDemoView.swift */,
				B10000000000000000000011 /* OilPaintDemoView.swift */,
				B10000000000000000000013 /* HueRotationDemoView.swift */,
				B10000000000000000000015 /* PencilSketchDemoView.swift */,
				B10000000000000000000017 /* MacroblockErrorDemoView.swift */,
				B10000000000000000000019 /* FrostedNoiseDemoView.swift */,
				B10000000000000000000021 /* TapeWrinkleDemoView.swift */,
				B10000000000000000000023 /* ChannelFreezeDemoView.swift */,
				B10000000000000000000025 /* SignalScrambleDemoView.swift */,
				B10000000000000000000027 /* BurnDissolveDemoView.swift */,
				B10000000000000000000029 /* ChromaticAberrationDemoView.swift */,
				B10000000000000000000031 /* BarcodeGlitchDemoView.swift */,
				B10000000000000000000033 /* HexBokehDemoView.swift */,
				B10000000000000000000035 /* FeedbackLoopDemoView.swift */,
				B10000000000000000000037 /* PixelSortingDemoView.swift */,
				B10000000000000000000039 /* CrosshatchDemoView.swift */,
				B10000000000000000000041 /* SharpenDemoView.swift */,
				B10000000000000000000043 /* RollingScanlinesDemoView.swift */,
				B10000000000000000000045 /* DuotoneDemoView.swift */,
				B10000000000000000000047 /* BlockDisplacementDemoView.swift */,
				B10000000000000000000049 /* PageCurlDemoView.swift */,
				B10000000000000000000051 /* SobelEdgesDemoView.swift */,
				B10000000000000000000053 /* WaterDropletsDemoView.swift */,
				B10000000000000000000055 /* CRTSyncLossDemoView.swift */,
				B10000000000000000000057 /* FireDemoView.swift */,
				B10000000000000000000059 /* ChannelSwapDemoView.swift */,
				B10000000000000000000061 /* TiltShiftDemoView.swift */,
				B10000000000000000000063 /* VignetteDemoView.swift */,
				B10000000000000000000065 /* WatercolorDemoView.swift */,
				B10000000000000000000067 /* LaplacianEdgesDemoView.swift */,
				B10000000000000000000069 /* VHSTrackingDemoView.swift */,
				B10000000000000000000071 /* BoxBlurDemoView.swift */,
				B10000000000000000000073 /* StarfieldDemoView.swift */,
				B10000000000000000000075 /* PerspectiveTiltDemoView.swift */,
				B10000000000000000000077 /* HalftoneDemoView.swift */,
				B10000000000000000000079 /* BayerDitherDemoView.swift */,
				B10000000000000000000081 /* ColorInvertDemoView.swift */,
				B10000000000000000000083 /* EchoFramesDemoView.swift */,
				B10000000000000000000085 /* PixelTransitionDemoView.swift */,
				B10000000000000000000087 /* IrisRevealDemoView.swift */,
				B10000000000000000000089 /* RippleDemoView.swift */,
				B10000000000000000000091 /* FilmGrainDemoView.swift */,
				B10000000000000000000093 /* BrightnessDemoView.swift */,
				B10000000000000000000095 /* DirectionalBlurDemoView.swift */,
				B10000000000000000000097 /* BlueNoiseDitherDemoView.swift */,
				B10000000000000000000099 /* MagnifyingGlassDemoView.swift */,
				B10000000000000000000101 /* StippleDemoView.swift */,
				B10000000000000000000103 /* SpherizeDemoView.swift */,
				B10000000000000000000105 /* ZoomBlurDemoView.swift */,
				B10000000000000000000107 /* BarrelDistortionDemoView.swift */,
				B10000000000000000000109 /* VoronoiCellsDemoView.swift */,
				B10000000000000000000111 /* CanvasTextureDemoView.swift */,
			);
			path = Views;
			sourceTree = "<group>";
		};
		D10000000000000000000004 /* Shaders */ = {
			isa = PBXGroup;
			children = (
				B10000000000000000000009 /* Shaders.metal */,
				B10000000000000000000012 /* OilPaint.metal */,
				B10000000000000000000014 /* HueRotation.metal */,
				B10000000000000000000016 /* PencilSketch.metal */,
				B10000000000000000000018 /* MacroblockError.metal */,
				B10000000000000000000020 /* FrostedNoise.metal */,
				B10000000000000000000022 /* TapeWrinkle.metal */,
				B10000000000000000000024 /* ChannelFreeze.metal */,
				B10000000000000000000026 /* SignalScramble.metal */,
				B10000000000000000000028 /* BurnDissolve.metal */,
				B10000000000000000000030 /* ChromaticAberration.metal */,
				B10000000000000000000032 /* BarcodeGlitch.metal */,
				B10000000000000000000034 /* HexBokeh.metal */,
				B10000000000000000000036 /* FeedbackLoop.metal */,
				B10000000000000000000038 /* PixelSorting.metal */,
				B10000000000000000000040 /* Crosshatch.metal */,
				B10000000000000000000042 /* Sharpen.metal */,
				B10000000000000000000044 /* RollingScanlines.metal */,
				B10000000000000000000046 /* Duotone.metal */,
				B10000000000000000000048 /* BlockDisplacement.metal */,
				B10000000000000000000050 /* PageCurl.metal */,
				B10000000000000000000052 /* SobelEdges.metal */,
				B10000000000000000000054 /* WaterDroplets.metal */,
				B10000000000000000000056 /* CRTSyncLoss.metal */,
				B10000000000000000000058 /* Fire.metal */,
				B10000000000000000000060 /* ChannelSwap.metal */,
				B10000000000000000000062 /* TiltShift.metal */,
				B10000000000000000000064 /* Vignette.metal */,
				B10000000000000000000066 /* Watercolor.metal */,
				B10000000000000000000068 /* LaplacianEdges.metal */,
				B10000000000000000000070 /* VHSTracking.metal */,
				B10000000000000000000072 /* BoxBlur.metal */,
				B10000000000000000000074 /* Starfield.metal */,
				B10000000000000000000076 /* PerspectiveTilt.metal */,
				B10000000000000000000078 /* Halftone.metal */,
				B10000000000000000000080 /* BayerDither.metal */,
				B10000000000000000000082 /* ColorInvert.metal */,
				B10000000000000000000084 /* EchoFrames.metal */,
				B10000000000000000000086 /* PixelTransition.metal */,
				B10000000000000000000088 /* IrisReveal.metal */,
				B10000000000000000000090 /* Ripple.metal */,
				B10000000000000000000092 /* FilmGrain.metal */,
				B10000000000000000000094 /* Brightness.metal */,
				B10000000000000000000096 /* DirectionalBlur.metal */,
				B10000000000000000000098 /* BlueNoiseDither.metal */,
				B10000000000000000000100 /* MagnifyingGlass.metal */,
				B10000000000000000000102 /* Stipple.metal */,
				B10000000000000000000104 /* Spherize.metal */,
				B10000000000000000000106 /* ZoomBlur.metal */,
				B10000000000000000000108 /* BarrelDistortion.metal */,
				B10000000000000000000110 /* VoronoiCells.metal */,
				B10000000000000000000112 /* CanvasTexture.metal */,
			);
			path = Shaders;
			sourceTree = "<group>";
		};
		D10000000000000000000005 /* Products */ = {
			isa = PBXGroup;
			children = (
				B10000000000000000000010 /* IOSMetalShaders.app */,
			);
			name = Products;
			sourceTree = "<group>";
		};
/* End PBXGroup section */

/* Begin PBXNativeTarget section */
		E10000000000000000000001 /* IOSMetalShaders */ = {
			isa = PBXNativeTarget;
			buildConfigurationList = F10000000000000000000002 /* Build configuration list for PBXNativeTarget "IOSMetalShaders" */;
			buildPhases = (
				C10000000000000000000002 /* Sources */,
				C10000000000000000000001 /* Frameworks */,
				C10000000000000000000003 /* Resources */,
			);
			buildRules = (
			);
			dependencies = (
			);
			name = IOSMetalShaders;
			productName = IOSMetalShaders;
			productReference = B10000000000000000000010 /* IOSMetalShaders.app */;
			productType = "com.apple.product-type.application";
		};
/* End PBXNativeTarget section */

/* Begin PBXProject section */
		E10000000000000000000002 /* Project object */ = {
			isa = PBXProject;
			attributes = {
				BuildIndependentTargetsInParallel = 1;
				LastSwiftUpdateCheck = 2660;
				LastUpgradeCheck = 2660;
				TargetAttributes = {
					E10000000000000000000001 = {
						CreatedOnToolsVersion = 26.6;
					};
				};
			};
			buildConfigurationList = F10000000000000000000001 /* Build configuration list for PBXProject "IOSMetalShaders" */;
			compatibilityVersion = "Xcode 14.0";
			developmentRegion = en;
			hasScannedForEncodings = 0;
			knownRegions = (
				en,
				Base,
			);
			mainGroup = D10000000000000000000001;
			productRefGroup = D10000000000000000000005 /* Products */;
			projectDirPath = "";
			projectRoot = "";
			targets = (
				E10000000000000000000001 /* IOSMetalShaders */,
			);
		};
/* End PBXProject section */

/* Begin PBXResourcesBuildPhase section */
		C10000000000000000000003 /* Resources */ = {
			isa = PBXResourcesBuildPhase;
			buildActionMask = 2147483647;
			files = (
			);
			runOnlyForDeploymentPostprocessing = 0;
		};
/* End PBXResourcesBuildPhase section */

/* Begin PBXSourcesBuildPhase section */
		C10000000000000000000002 /* Sources */ = {
			isa = PBXSourcesBuildPhase;
			buildActionMask = 2147483647;
			files = (
				A10000000000000000000001 /* IOSMetalShadersApp.swift in Sources */,
				A10000000000000000000002 /* ContentView.swift in Sources */,
				A10000000000000000000003 /* AppTheme.swift in Sources */,
				A10000000000000000000004 /* ShaderCanvasView.swift in Sources */,
				A10000000000000000000005 /* ShaderPreviewCard.swift in Sources */,
				A10000000000000000000006 /* GrayscaleDemoView.swift in Sources */,
				A10000000000000000000007 /* ScanlinesDemoView.swift in Sources */,
				A10000000000000000000008 /* WaveDemoView.swift in Sources */,
				A10000000000000000000009 /* Shaders.metal in Sources */,
				A10000000000000000000011 /* OilPaintDemoView.swift in Sources */,
				A10000000000000000000012 /* OilPaint.metal in Sources */,
				A10000000000000000000013 /* HueRotationDemoView.swift in Sources */,
				A10000000000000000000014 /* HueRotation.metal in Sources */,
				A10000000000000000000015 /* PencilSketchDemoView.swift in Sources */,
				A10000000000000000000016 /* PencilSketch.metal in Sources */,
				A10000000000000000000017 /* MacroblockErrorDemoView.swift in Sources */,
				A10000000000000000000018 /* MacroblockError.metal in Sources */,
				A10000000000000000000019 /* FrostedNoiseDemoView.swift in Sources */,
				A10000000000000000000020 /* FrostedNoise.metal in Sources */,
				A10000000000000000000021 /* TapeWrinkleDemoView.swift in Sources */,
				A10000000000000000000022 /* TapeWrinkle.metal in Sources */,
				A10000000000000000000023 /* ChannelFreezeDemoView.swift in Sources */,
				A10000000000000000000024 /* ChannelFreeze.metal in Sources */,
				A10000000000000000000025 /* SignalScrambleDemoView.swift in Sources */,
				A10000000000000000000026 /* SignalScramble.metal in Sources */,
				A10000000000000000000027 /* BurnDissolveDemoView.swift in Sources */,
				A10000000000000000000028 /* BurnDissolve.metal in Sources */,
				A10000000000000000000029 /* ChromaticAberrationDemoView.swift in Sources */,
				A10000000000000000000030 /* ChromaticAberration.metal in Sources */,
				A10000000000000000000031 /* BarcodeGlitchDemoView.swift in Sources */,
				A10000000000000000000032 /* BarcodeGlitch.metal in Sources */,
				A10000000000000000000033 /* HexBokehDemoView.swift in Sources */,
				A10000000000000000000034 /* HexBokeh.metal in Sources */,
				A10000000000000000000035 /* FeedbackLoopDemoView.swift in Sources */,
				A10000000000000000000036 /* FeedbackLoop.metal in Sources */,
				A10000000000000000000037 /* PixelSortingDemoView.swift in Sources */,
				A10000000000000000000038 /* PixelSorting.metal in Sources */,
				A10000000000000000000039 /* CrosshatchDemoView.swift in Sources */,
				A10000000000000000000040 /* Crosshatch.metal in Sources */,
				A10000000000000000000041 /* SharpenDemoView.swift in Sources */,
				A10000000000000000000042 /* Sharpen.metal in Sources */,
				A10000000000000000000043 /* RollingScanlinesDemoView.swift in Sources */,
				A10000000000000000000044 /* RollingScanlines.metal in Sources */,
				A10000000000000000000045 /* DuotoneDemoView.swift in Sources */,
				A10000000000000000000046 /* Duotone.metal in Sources */,
				A10000000000000000000047 /* BlockDisplacementDemoView.swift in Sources */,
				A10000000000000000000048 /* BlockDisplacement.metal in Sources */,
				A10000000000000000000049 /* PageCurlDemoView.swift in Sources */,
				A10000000000000000000050 /* PageCurl.metal in Sources */,
				A10000000000000000000051 /* SobelEdgesDemoView.swift in Sources */,
				A10000000000000000000052 /* SobelEdges.metal in Sources */,
				A10000000000000000000053 /* WaterDropletsDemoView.swift in Sources */,
				A10000000000000000000054 /* WaterDroplets.metal in Sources */,
				A10000000000000000000055 /* CRTSyncLossDemoView.swift in Sources */,
				A10000000000000000000056 /* CRTSyncLoss.metal in Sources */,
				A10000000000000000000057 /* FireDemoView.swift in Sources */,
				A10000000000000000000058 /* Fire.metal in Sources */,
				A10000000000000000000059 /* ChannelSwapDemoView.swift in Sources */,
				A10000000000000000000060 /* ChannelSwap.metal in Sources */,
				A10000000000000000000061 /* TiltShiftDemoView.swift in Sources */,
				A10000000000000000000062 /* TiltShift.metal in Sources */,
				A10000000000000000000063 /* VignetteDemoView.swift in Sources */,
				A10000000000000000000064 /* Vignette.metal in Sources */,
				A10000000000000000000065 /* WatercolorDemoView.swift in Sources */,
				A10000000000000000000066 /* Watercolor.metal in Sources */,
				A10000000000000000000067 /* LaplacianEdgesDemoView.swift in Sources */,
				A10000000000000000000068 /* LaplacianEdges.metal in Sources */,
				A10000000000000000000069 /* VHSTrackingDemoView.swift in Sources */,
				A10000000000000000000070 /* VHSTracking.metal in Sources */,
				A10000000000000000000071 /* BoxBlurDemoView.swift in Sources */,
				A10000000000000000000072 /* BoxBlur.metal in Sources */,
				A10000000000000000000073 /* StarfieldDemoView.swift in Sources */,
				A10000000000000000000074 /* Starfield.metal in Sources */,
				A10000000000000000000075 /* PerspectiveTiltDemoView.swift in Sources */,
				A10000000000000000000076 /* PerspectiveTilt.metal in Sources */,
				A10000000000000000000077 /* HalftoneDemoView.swift in Sources */,
				A10000000000000000000078 /* Halftone.metal in Sources */,
				A10000000000000000000079 /* BayerDitherDemoView.swift in Sources */,
				A10000000000000000000080 /* BayerDither.metal in Sources */,
				A10000000000000000000081 /* ColorInvertDemoView.swift in Sources */,
				A10000000000000000000082 /* ColorInvert.metal in Sources */,
				A10000000000000000000083 /* EchoFramesDemoView.swift in Sources */,
				A10000000000000000000084 /* EchoFrames.metal in Sources */,
				A10000000000000000000085 /* PixelTransitionDemoView.swift in Sources */,
				A10000000000000000000086 /* PixelTransition.metal in Sources */,
				A10000000000000000000087 /* IrisRevealDemoView.swift in Sources */,
				A10000000000000000000088 /* IrisReveal.metal in Sources */,
				A10000000000000000000089 /* RippleDemoView.swift in Sources */,
				A10000000000000000000090 /* Ripple.metal in Sources */,
				A10000000000000000000091 /* FilmGrainDemoView.swift in Sources */,
				A10000000000000000000092 /* FilmGrain.metal in Sources */,
				A10000000000000000000093 /* BrightnessDemoView.swift in Sources */,
				A10000000000000000000094 /* Brightness.metal in Sources */,
				A10000000000000000000095 /* DirectionalBlurDemoView.swift in Sources */,
				A10000000000000000000096 /* DirectionalBlur.metal in Sources */,
				A10000000000000000000097 /* BlueNoiseDitherDemoView.swift in Sources */,
				A10000000000000000000098 /* BlueNoiseDither.metal in Sources */,
				A10000000000000000000099 /* MagnifyingGlassDemoView.swift in Sources */,
				A10000000000000000000100 /* MagnifyingGlass.metal in Sources */,
				A10000000000000000000101 /* StippleDemoView.swift in Sources */,
				A10000000000000000000102 /* Stipple.metal in Sources */,
				A10000000000000000000103 /* SpherizeDemoView.swift in Sources */,
				A10000000000000000000104 /* Spherize.metal in Sources */,
				A10000000000000000000105 /* ZoomBlurDemoView.swift in Sources */,
				A10000000000000000000106 /* ZoomBlur.metal in Sources */,
				A10000000000000000000107 /* BarrelDistortionDemoView.swift in Sources */,
				A10000000000000000000108 /* BarrelDistortion.metal in Sources */,
				A10000000000000000000109 /* VoronoiCellsDemoView.swift in Sources */,
				A10000000000000000000110 /* VoronoiCells.metal in Sources */,
				A10000000000000000000111 /* CanvasTextureDemoView.swift in Sources */,
				A10000000000000000000112 /* CanvasTexture.metal in Sources */,
			);
			runOnlyForDeploymentPostprocessing = 0;
		};
/* End PBXSourcesBuildPhase section */

/* Begin XCBuildConfiguration section */
		F10000000000000000000003 /* Debug */ = {
			isa = XCBuildConfiguration;
			buildSettings = {
				ALWAYS_SEARCH_USER_PATHS = NO;
				CLANG_ANALYZER_NONNULL = YES;
				CLANG_ENABLE_MODULES = YES;
				CLANG_ENABLE_OBJC_ARC = YES;
				DEBUG_INFORMATION_FORMAT = dwarf;
				ENABLE_TESTABILITY = YES;
				GCC_C_LANGUAGE_STANDARD = gnu17;
				GCC_OPTIMIZATION_LEVEL = 0;
				IPHONEOS_DEPLOYMENT_TARGET = 26.0;
				MTL_ENABLE_DEBUG_INFO = INCLUDE_SOURCE;
				MTL_FAST_MATH = YES;
				ONLY_ACTIVE_ARCH = YES;
				SDKROOT = iphoneos;
				SWIFT_ACTIVE_COMPILATION_CONDITIONS = "DEBUG $(inherited)";
				SWIFT_OPTIMIZATION_LEVEL = "-Onone";
			};
			name = Debug;
		};
		F10000000000000000000004 /* Release */ = {
			isa = XCBuildConfiguration;
			buildSettings = {
				ALWAYS_SEARCH_USER_PATHS = NO;
				CLANG_ANALYZER_NONNULL = YES;
				CLANG_ENABLE_MODULES = YES;
				CLANG_ENABLE_OBJC_ARC = YES;
				COPY_PHASE_STRIP = NO;
				DEBUG_INFORMATION_FORMAT = "dwarf-with-dsym";
				ENABLE_NS_ASSERTIONS = NO;
				GCC_C_LANGUAGE_STANDARD = gnu17;
				IPHONEOS_DEPLOYMENT_TARGET = 26.0;
				MTL_ENABLE_DEBUG_INFO = NO;
				MTL_FAST_MATH = YES;
				SDKROOT = iphoneos;
				SWIFT_COMPILATION_MODE = wholemodule;
		};
			name = Release;
		};
		F10000000000000000000005 /* Debug */ = {
			isa = XCBuildConfiguration;
			buildSettings = {
				CODE_SIGN_STYLE = Automatic;
				CURRENT_PROJECT_VERSION = 1;
				DEVELOPMENT_ASSET_PATHS = "";
				GENERATE_INFOPLIST_FILE = YES;
				INFOPLIST_KEY_UIApplicationSceneManifest_Generation = YES;
				INFOPLIST_KEY_UILaunchScreen_Generation = YES;
				LD_RUNPATH_SEARCH_PATHS = (
					"$(inherited)",
					"@executable_path/Frameworks",
				);
				MARKETING_VERSION = 1.0;
				PRODUCT_BUNDLE_IDENTIFIER = com.mikalaitsyhankou.IOSMetalShaders;
				PRODUCT_NAME = "$(TARGET_NAME)";
				SUPPORTED_PLATFORMS = "iphoneos iphonesimulator";
				SWIFT_APPROACHABLE_CONCURRENCY = YES;
				SWIFT_DEFAULT_ACTOR_ISOLATION = MainActor;
				SWIFT_EMIT_LOC_STRINGS = YES;
				SWIFT_STRICT_CONCURRENCY = complete;
				SWIFT_VERSION = 6.0;
				TARGETED_DEVICE_FAMILY = "1,2";
			};
			name = Debug;
		};
		F10000000000000000000006 /* Release */ = {
			isa = XCBuildConfiguration;
			buildSettings = {
				CODE_SIGN_STYLE = Automatic;
				CURRENT_PROJECT_VERSION = 1;
				DEVELOPMENT_ASSET_PATHS = "";
				GENERATE_INFOPLIST_FILE = YES;
				INFOPLIST_KEY_UIApplicationSceneManifest_Generation = YES;
				INFOPLIST_KEY_UILaunchScreen_Generation = YES;
				LD_RUNPATH_SEARCH_PATHS = (
					"$(inherited)",
					"@executable_path/Frameworks",
				);
				MARKETING_VERSION = 1.0;
				PRODUCT_BUNDLE_IDENTIFIER = com.mikalaitsyhankou.IOSMetalShaders;
				PRODUCT_NAME = "$(TARGET_NAME)";
				SUPPORTED_PLATFORMS = "iphoneos iphonesimulator";
				SWIFT_APPROACHABLE_CONCURRENCY = YES;
				SWIFT_DEFAULT_ACTOR_ISOLATION = MainActor;
				SWIFT_EMIT_LOC_STRINGS = YES;
				SWIFT_STRICT_CONCURRENCY = complete;
				SWIFT_VERSION = 6.0;
				TARGETED_DEVICE_FAMILY = "1,2";
			};
			name = Release;
		};
/* End XCBuildConfiguration section */

/* Begin XCConfigurationList section */
		F10000000000000000000001 /* Build configuration list for PBXProject "IOSMetalShaders" */ = {
			isa = XCConfigurationList;
			buildConfigurations = (
				F10000000000000000000003 /* Debug */,
				F10000000000000000000004 /* Release */,
			);
			defaultConfigurationIsVisible = 0;
			defaultConfigurationName = Release;
		};
		F10000000000000000000002 /* Build configuration list for PBXNativeTarget "IOSMetalShaders" */ = {
			isa = XCConfigurationList;
			buildConfigurations = (
				F10000000000000000000005 /* Debug */,
				F10000000000000000000006 /* Release */,
			);
			defaultConfigurationIsVisible = 0;
			defaultConfigurationName = Release;
		};
/* End XCConfigurationList section */
	};
	rootObject = E10000000000000000000002 /* Project object */;
}
