// !$*UTF8*$!
{
	archiveVersion = 1;
	classes = {
	};
	objectVersion = 56;
	objects = {

/* Begin PBXBuildFile section */
		A10000000000000000000001 /* IOSMetalShadersApp.swift in Sources */ = {isa = PBXBuildFile; fileRef = B10000000000000000000001 /* IOSMetalShadersApp.swift */; };
		A10000000000000000000002 /* ContentView.swift in Sources */ = {isa = PBXBuildFile; fileRef = B10000000000000000000002 /* ContentView.swift */; };
		A10000000000000000000003 /* AppTheme.swift in Sources */ = {isa = PBXBuildFile; fileRef = B10000000000000000000003 /* AppTheme.swift */; };
		A10000000000000000000004 /* ShaderCanvasView.swift in Sources */ = {isa = PBXBuildFile; fileRef = B10000000000000000000004 /* ShaderCanvasView.swift */; };
		A10000000000000000000005 /* ShaderPreviewCard.swift in Sources */ = {isa = PBXBuildFile; fileRef = B10000000000000000000005 /* ShaderPreviewCard.swift */; };
		A10000000000000000000006 /* GrayscaleDemoView.swift in Sources */ = {isa = PBXBuildFile; fileRef = B10000000000000000000006 /* GrayscaleDemoView.swift */; };
		A10000000000000000000007 /* ScanlinesDemoView.swift in Sources */ = {isa = PBXBuildFile; fileRef = B10000000000000000000007 /* ScanlinesDemoView.swift */; };
		A10000000000000000000008 /* WaveDemoView.swift in Sources */ = {isa = PBXBuildFile; fileRef = B10000000000000000000008 /* WaveDemoView.swift */; };
		A10000000000000000000009 /* Shaders.metal in Sources */ = {isa = PBXBuildFile; fileRef = B10000000000000000000009 /* Shaders.metal */; };
		A10000000000000000000011 /* OilPaintDemoView.swift in Sources */ = {isa = PBXBuildFile; fileRef = B10000000000000000000011 /* OilPaintDemoView.swift */; };
		A10000000000000000000012 /* OilPaint.metal in Sources */ = {isa = PBXBuildFile; fileRef = B10000000000000000000012 /* OilPaint.metal */; };
		A10000000000000000000013 /* HueRotationDemoView.swift in Sources */ = {isa = PBXBuildFile; fileRef = B10000000000000000000013 /* HueRotationDemoView.swift */; };
		A10000000000000000000014 /* HueRotation.metal in Sources */ = {isa = PBXBuildFile; fileRef = B10000000000000000000014 /* HueRotation.metal */; };
		A10000000000000000000015 /* PencilSketchDemoView.swift in Sources */ = {isa = PBXBuildFile; fileRef = B10000000000000000000015 /* PencilSketchDemoView.swift */; };
		A10000000000000000000016 /* PencilSketch.metal in Sources */ = {isa = PBXBuildFile; fileRef = B10000000000000000000016 /* PencilSketch.metal */; };
		A10000000000000000000017 /* MacroblockErrorDemoView.swift in Sources */ = {isa = PBXBuildFile; fileRef = B10000000000000000000017 /* MacroblockErrorDemoView.swift */; };
		A10000000000000000000018 /* MacroblockError.metal in Sources */ = {isa = PBXBuildFile; fileRef = B10000000000000000000018 /* MacroblockError.metal */; };
		A10000000000000000000019 /* FrostedNoiseDemoView.swift in Sources */ = {isa = PBXBuildFile; fileRef = B10000000000000000000019 /* FrostedNoiseDemoView.swift */; };
		A10000000000000000000020 /* FrostedNoise.metal in Sources */ = {isa = PBXBuildFile; fileRef = B10000000000000000000020 /* FrostedNoise.metal */; };
		A10000000000000000000021 /* TapeWrinkleDemoView.swift in Sources */ = {isa = PBXBuildFile; fileRef = B10000000000000000000021 /* TapeWrinkleDemoView.swift */; };
		A10000000000000000000022 /* TapeWrinkle.metal in Sources */ = {isa = PBXBuildFile; fileRef = B10000000000000000000022 /* TapeWrinkle.metal */; };
		A10000000000000000000023 /* ChannelFreezeDemoView.swift in Sources */ = {isa = PBXBuildFile; fileRef = B10000000000000000000023 /* ChannelFreezeDemoView.swift */; };
		A10000000000000000000024 /* ChannelFreeze.metal in Sources */ = {isa = PBXBuildFile; fileRef = B10000000000000000000024 /* ChannelFreeze.metal */; };
		A10000000000000000000025 /* SignalScrambleDemoView.swift in Sources */ = {isa = PBXBuildFile; fileRef = B10000000000000000000025 /* SignalScrambleDemoView.swift */; };
		A10000000000000000000026 /* SignalScramble.metal in Sources */ = {isa = PBXBuildFile; fileRef = B10000000000000000000026 /* SignalScramble.metal */; };
		A10000000000000000000027 /* BurnDissolveDemoView.swift in Sources */ = {isa = PBXBuildFile; fileRef = B10000000000000000000027 /* BurnDissolveDemoView.swift */; };
		A10000000000000000000028 /* BurnDissolve.metal in Sources */ = {isa = PBXBuildFile; fileRef = B10000000000000000000028 /* BurnDissolve.metal */; };
		A10000000000000000000029 /* ChromaticAberrationDemoView.swift in Sources */ = {isa = PBXBuildFile; fileRef = B10000000000000000000029 /* ChromaticAberrationDemoView.swift */; };
		A10000000000000000000030 /* ChromaticAberration.metal in Sources */ = {isa = PBXBuildFile; fileRef = B10000000000000000000030 /* ChromaticAberration.metal */; };
		A10000000000000000000031 /* BarcodeGlitchDemoView.swift in Sources */ = {isa = PBXBuildFile; fileRef = B10000000000000000000031 /* BarcodeGlitchDemoView.swift */; };
		A10000000000000000000032 /* BarcodeGlitch.metal in Sources */ = {isa = PBXBuildFile; fileRef = B10000000000000000000032 /* BarcodeGlitch.metal */; };
		A10000000000000000000033 /* HexBokehDemoView.swift in Sources */ = {isa = PBXBuildFile; fileRef = B10000000000000000000033 /* HexBokehDemoView.swift */; };
		A10000000000000000000034 /* HexBokeh.metal in Sources */ = {isa = PBXBuildFile; fileRef = B10000000000000000000034 /* HexBokeh.metal */; };
		A10000000000000000000035 /* FeedbackLoopDemoView.swift in Sources */ = {isa = PBXBuildFile; fileRef = B10000000000000000000035 /* FeedbackLoopDemoView.swift */; };
		A10000000000000000000036 /* FeedbackLoop.metal in Sources */ = {isa = PBXBuildFile; fileRef = B10000000000000000000036 /* FeedbackLoop.metal */; };
		A10000000000000000000037 /* PixelSortingDemoView.swift in Sources */ = {isa = PBXBuildFile; fileRef = B10000000000000000000037 /* PixelSortingDemoView.swift */; };
		A10000000000000000000038 /* PixelSorting.metal in Sources */ = {isa = PBXBuildFile; fileRef = B10000000000000000000038 /* PixelSorting.metal */; };
		A10000000000000000000039 /* CrosshatchDemoView.swift in Sources */ = {isa = PBXBuildFile; fileRef = B10000000000000000000039 /* CrosshatchDemoView.swift */; };
		A10000000000000000000040 /* Crosshatch.metal in Sources */ = {isa = PBXBuildFile; fileRef = B10000000000000000000040 /* Crosshatch.metal */; };
/* End PBXBuildFile section */

/* Begin PBXFileReference section */
		B10000000000000000000001 /* IOSMetalShadersApp.swift */ = {isa = PBXFileReference; lastKnownFileType = sourcecode.swift; path = IOSMetalShadersApp.swift; sourceTree = "<group>"; };
		B10000000000000000000002 /* ContentView.swift */ = {isa = PBXFileReference; lastKnownFileType = sourcecode.swift; path = ContentView.swift; sourceTree = "<group>"; };
		B10000000000000000000003 /* AppTheme.swift */ = {isa = PBXFileReference; lastKnownFileType = sourcecode.swift; path = AppTheme.swift; sourceTree = "<group>"; };
		B10000000000000000000004 /* ShaderCanvasView.swift */ = {isa = PBXFileReference; lastKnownFileType = sourcecode.swift; path = ShaderCanvasView.swift; sourceTree = "<group>"; };
		B10000000000000000000005 /* ShaderPreviewCard.swift */ = {isa = PBXFileReference; lastKnownFileType = sourcecode.swift; path = ShaderPreviewCard.swift; sourceTree = "<group>"; };
		B10000000000000000000006 /* GrayscaleDemoView.swift */ = {isa = PBXFileReference; lastKnownFileType = sourcecode.swift; path = GrayscaleDemoView.swift; sourceTree = "<group>"; };
		B10000000000000000000007 /* ScanlinesDemoView.swift */ = {isa = PBXFileReference; lastKnownFileType = sourcecode.swift; path = ScanlinesDemoView.swift; sourceTree = "<group>"; };
		B10000000000000000000008 /* WaveDemoView.swift */ = {isa = PBXFileReference; lastKnownFileType = sourcecode.swift; path = WaveDemoView.swift; sourceTree = "<group>"; };
		B10000000000000000000009 /* Shaders.metal */ = {isa = PBXFileReference; lastKnownFileType = sourcecode.metal; path = Shaders.metal; sourceTree = "<group>"; };
		B10000000000000000000011 /* OilPaintDemoView.swift */ = {isa = PBXFileReference; lastKnownFileType = sourcecode.swift; path = OilPaintDemoView.swift; sourceTree = "<group>"; };
		B10000000000000000000012 /* OilPaint.metal */ = {isa = PBXFileReference; lastKnownFileType = sourcecode.metal; path = OilPaint.metal; sourceTree = "<group>"; };
		B10000000000000000000013 /* HueRotationDemoView.swift */ = {isa = PBXFileReference; lastKnownFileType = sourcecode.swift; path = HueRotationDemoView.swift; sourceTree = "<group>"; };
		B10000000000000000000014 /* HueRotation.metal */ = {isa = PBXFileReference; lastKnownFileType = sourcecode.metal; path = HueRotation.metal; sourceTree = "<group>"; };
		B10000000000000000000015 /* PencilSketchDemoView.swift */ = {isa = PBXFileReference; lastKnownFileType = sourcecode.swift; path = PencilSketchDemoView.swift; sourceTree = "<group>"; };
		B10000000000000000000016 /* PencilSketch.metal */ = {isa = PBXFileReference; lastKnownFileType = sourcecode.metal; path = PencilSketch.metal; sourceTree = "<group>"; };
		B10000000000000000000017 /* MacroblockErrorDemoView.swift */ = {isa = PBXFileReference; lastKnownFileType = sourcecode.swift; path = MacroblockErrorDemoView.swift; sourceTree = "<group>"; };
		B10000000000000000000018 /* MacroblockError.metal */ = {isa = PBXFileReference; lastKnownFileType = sourcecode.metal; path = MacroblockError.metal; sourceTree = "<group>"; };
		B10000000000000000000019 /* FrostedNoiseDemoView.swift */ = {isa = PBXFileReference; lastKnownFileType = sourcecode.swift; path = FrostedNoiseDemoView.swift; sourceTree = "<group>"; };
		B10000000000000000000020 /* FrostedNoise.metal */ = {isa = PBXFileReference; lastKnownFileType = sourcecode.metal; path = FrostedNoise.metal; sourceTree = "<group>"; };
		B10000000000000000000021 /* TapeWrinkleDemoView.swift */ = {isa = PBXFileReference; lastKnownFileType = sourcecode.swift; path = TapeWrinkleDemoView.swift; sourceTree = "<group>"; };
		B10000000000000000000022 /* TapeWrinkle.metal */ = {isa = PBXFileReference; lastKnownFileType = sourcecode.metal; path = TapeWrinkle.metal; sourceTree = "<group>"; };
		B10000000000000000000023 /* ChannelFreezeDemoView.swift */ = {isa = PBXFileReference; lastKnownFileType = sourcecode.swift; path = ChannelFreezeDemoView.swift; sourceTree = "<group>"; };
		B10000000000000000000024 /* ChannelFreeze.metal */ = {isa = PBXFileReference; lastKnownFileType = sourcecode.metal; path = ChannelFreeze.metal; sourceTree = "<group>"; };
		B10000000000000000000025 /* SignalScrambleDemoView.swift */ = {isa = PBXFileReference; lastKnownFileType = sourcecode.swift; path = SignalScrambleDemoView.swift; sourceTree = "<group>"; };
		B10000000000000000000026 /* SignalScramble.metal */ = {isa = PBXFileReference; lastKnownFileType = sourcecode.metal; path = SignalScramble.metal; sourceTree = "<group>"; };
		B10000000000000000000027 /* BurnDissolveDemoView.swift */ = {isa = PBXFileReference; lastKnownFileType = sourcecode.swift; path = BurnDissolveDemoView.swift; sourceTree = "<group>"; };
		B10000000000000000000028 /* BurnDissolve.metal */ = {isa = PBXFileReference; lastKnownFileType = sourcecode.metal; path = BurnDissolve.metal; sourceTree = "<group>"; };
		B10000000000000000000029 /* ChromaticAberrationDemoView.swift */ = {isa = PBXFileReference; lastKnownFileType = sourcecode.swift; path = ChromaticAberrationDemoView.swift; sourceTree = "<group>"; };
		B10000000000000000000030 /* ChromaticAberration.metal */ = {isa = PBXFileReference; lastKnownFileType = sourcecode.metal; path = ChromaticAberration.metal; sourceTree = "<group>"; };
		B10000000000000000000031 /* BarcodeGlitchDemoView.swift */ = {isa = PBXFileReference; lastKnownFileType = sourcecode.swift; path = BarcodeGlitchDemoView.swift; sourceTree = "<group>"; };
		B10000000000000000000032 /* BarcodeGlitch.metal */ = {isa = PBXFileReference; lastKnownFileType = sourcecode.metal; path = BarcodeGlitch.metal; sourceTree = "<group>"; };
		B10000000000000000000010 /* IOSMetalShaders.app */ = {isa = PBXFileReference; explicitFileType = wrapper.application; includeInIndex = 0; path = IOSMetalShaders.app; sourceTree = BUILT_PRODUCTS_DIR; };
		B10000000000000000000033 /* HexBokehDemoView.swift */ = {isa = PBXFileReference; lastKnownFileType = sourcecode.swift; path = HexBokehDemoView.swift; sourceTree = "<group>"; };
		B10000000000000000000034 /* HexBokeh.metal */ = {isa = PBXFileReference; lastKnownFileType = sourcecode.metal; path = HexBokeh.metal; sourceTree = "<group>"; };
		B10000000000000000000035 /* FeedbackLoopDemoView.swift */ = {isa = PBXFileReference; lastKnownFileType = sourcecode.swift; path = FeedbackLoopDemoView.swift; sourceTree = "<group>"; };
		B10000000000000000000036 /* FeedbackLoop.metal */ = {isa = PBXFileReference; lastKnownFileType = sourcecode.metal; path = FeedbackLoop.metal; sourceTree = "<group>"; };
		B10000000000000000000037 /* PixelSortingDemoView.swift */ = {isa = PBXFileReference; lastKnownFileType = sourcecode.swift; path = PixelSortingDemoView.swift; sourceTree = "<group>"; };
		B10000000000000000000038 /* PixelSorting.metal */ = {isa = PBXFileReference; lastKnownFileType = sourcecode.metal; path = PixelSorting.metal; sourceTree = "<group>"; };
		B10000000000000000000039 /* CrosshatchDemoView.swift */ = {isa = PBXFileReference; lastKnownFileType = sourcecode.swift; path = CrosshatchDemoView.swift; sourceTree = "<group>"; };
		B10000000000000000000040 /* Crosshatch.metal */ = {isa = PBXFileReference; lastKnownFileType = sourcecode.metal; path = Crosshatch.metal; sourceTree = "<group>"; };
/* End PBXFileReference section */

/* Begin PBXFrameworksBuildPhase section */
		C10000000000000000000001 /* Frameworks */ = {
			isa = PBXFrameworksBuildPhase;
			buildActionMask = 2147483647;
			files = (
			);
			runOnlyForDeploymentPostprocessing = 0;
		};
/* End PBXFrameworksBuildPhase section */

/* Begin PBXGroup section */
		D10000000000000000000001 = {
			isa = PBXGroup;
			children = (
				D10000000000000000000002 /* IOSMetalShaders */,
				D10000000000000000000005 /* Products */,
			);
			sourceTree = "<group>";
		};
		D10000000000000000000002 /* IOSMetalShaders */ = {
			isa = PBXGroup;
			children = (
				B10000000000000000000001 /* IOSMetalShadersApp.swift */,
				B10000000000000000000002 /* ContentView.swift */,
				B10000000000000000000003 /* AppTheme.swift */,
				D10000000000000000000003 /* Views */,
				D10000000000000000000004 /* Shaders */,
			);
			path = IOSMetalShaders;
			sourceTree = "<group>";
		};
		D10000000000000000000003 /* Views */ = {
			isa = PBXGroup;
			children = (
				B10000000000000000000004 /* ShaderCanvasView.swift */,
				B10000000000000000000005 /* ShaderPreviewCard.swift */,
				B10000000000000000000006 /* GrayscaleDemoView.swift */,
				B10000000000000000000007 /* ScanlinesDemoView.swift */,
				B10000000000000000000008 /* WaveDemoView.swift */,
				B10000000000000000000011 /* OilPaintDemoView.swift */,
				B10000000000000000000013 /* HueRotationDemoView.swift */,
				B10000000000000000000015 /* PencilSketchDemoView.swift */,
				B10000000000000000000017 /* MacroblockErrorDemoView.swift */,
				B10000000000000000000019 /* FrostedNoiseDemoView.swift */,
				B10000000000000000000021 /* TapeWrinkleDemoView.swift */,
				B10000000000000000000023 /* ChannelFreezeDemoView.swift */,
				B10000000000000000000025 /* SignalScrambleDemoView.swift */,
				B10000000000000000000027 /* BurnDissolveDemoView.swift */,
				B10000000000000000000029 /* ChromaticAberrationDemoView.swift */,
				B10000000000000000000031 /* BarcodeGlitchDemoView.swift */,
				B10000000000000000000033 /* HexBokehDemoView.swift */,
				B10000000000000000000035 /* FeedbackLoopDemoView.swift */,
				B10000000000000000000037 /* PixelSortingDemoView.swift */,
				B10000000000000000000039 /* CrosshatchDemoView.swift */,
			);
			path = Views;
			sourceTree = "<group>";
		};
		D10000000000000000000004 /* Shaders */ = {
			isa = PBXGroup;
			children = (
				B10000000000000000000009 /* Shaders.metal */,
				B10000000000000000000012 /* OilPaint.metal */,
				B10000000000000000000014 /* HueRotation.metal */,
				B10000000000000000000016 /* PencilSketch.metal */,
				B10000000000000000000018 /* MacroblockError.metal */,
				B10000000000000000000020 /* FrostedNoise.metal */,
				B10000000000000000000022 /* TapeWrinkle.metal */,
				B10000000000000000000024 /* ChannelFreeze.metal */,
				B10000000000000000000026 /* SignalScramble.metal */,
				B10000000000000000000028 /* BurnDissolve.metal */,
				B10000000000000000000030 /* ChromaticAberration.metal */,
				B10000000000000000000032 /* BarcodeGlitch.metal */,
				B10000000000000000000034 /* HexBokeh.metal */,
				B10000000000000000000036 /* FeedbackLoop.metal */,
				B10000000000000000000038 /* PixelSorting.metal */,
				B10000000000000000000040 /* Crosshatch.metal */,
			);
			path = Shaders;
			sourceTree = "<group>";
		};
		D10000000000000000000005 /* Products */ = {
			isa = PBXGroup;
			children = (
				B10000000000000000000010 /* IOSMetalShaders.app */,
			);
			name = Products;
			sourceTree = "<group>";
		};
/* End PBXGroup section */

/* Begin PBXNativeTarget section */
		E10000000000000000000001 /* IOSMetalShaders */ = {
			isa = PBXNativeTarget;
			buildConfigurationList = F10000000000000000000002 /* Build configuration list for PBXNativeTarget "IOSMetalShaders" */;
			buildPhases = (
				C10000000000000000000002 /* Sources */,
				C10000000000000000000001 /* Frameworks */,
				C10000000000000000000003 /* Resources */,
			);
			buildRules = (
			);
			dependencies = (
			);
			name = IOSMetalShaders;
			productName = IOSMetalShaders;
			productReference = B10000000000000000000010 /* IOSMetalShaders.app */;
			productType = "com.apple.product-type.application";
		};
/* End PBXNativeTarget section */

/* Begin PBXProject section */
		E10000000000000000000002 /* Project object */ = {
			isa = PBXProject;
			attributes = {
				BuildIndependentTargetsInParallel = 1;
				LastSwiftUpdateCheck = 2660;
				LastUpgradeCheck = 2660;
				TargetAttributes = {
					E10000000000000000000001 = {
						CreatedOnToolsVersion = 26.6;
					};
				};
			};
			buildConfigurationList = F10000000000000000000001 /* Build configuration list for PBXProject "IOSMetalShaders" */;
			compatibilityVersion = "Xcode 14.0";
			developmentRegion = en;
			hasScannedForEncodings = 0;
			knownRegions = (
				en,
				Base,
			);
			mainGroup = D10000000000000000000001;
			productRefGroup = D10000000000000000000005 /* Products */;
			projectDirPath = "";
			projectRoot = "";
			targets = (
				E10000000000000000000001 /* IOSMetalShaders */,
			);
		};
/* End PBXProject section */

/* Begin PBXResourcesBuildPhase section */
		C10000000000000000000003 /* Resources */ = {
			isa = PBXResourcesBuildPhase;
			buildActionMask = 2147483647;
			files = (
			);
			runOnlyForDeploymentPostprocessing = 0;
		};
/* End PBXResourcesBuildPhase section */

/* Begin PBXSourcesBuildPhase section */
		C10000000000000000000002 /* Sources */ = {
			isa = PBXSourcesBuildPhase;
			buildActionMask = 2147483647;
			files = (
				A10000000000000000000001 /* IOSMetalShadersApp.swift in Sources */,
				A10000000000000000000002 /* ContentView.swift in Sources */,
				A10000000000000000000003 /* AppTheme.swift in Sources */,
				A10000000000000000000004 /* ShaderCanvasView.swift in Sources */,
				A10000000000000000000005 /* ShaderPreviewCard.swift in Sources */,
				A10000000000000000000006 /* GrayscaleDemoView.swift in Sources */,
				A10000000000000000000007 /* ScanlinesDemoView.swift in Sources */,
				A10000000000000000000008 /* WaveDemoView.swift in Sources */,
				A10000000000000000000009 /* Shaders.metal in Sources */,
				A10000000000000000000011 /* OilPaintDemoView.swift in Sources */,
				A10000000000000000000012 /* OilPaint.metal in Sources */,
				A10000000000000000000013 /* HueRotationDemoView.swift in Sources */,
				A10000000000000000000014 /* HueRotation.metal in Sources */,
				A10000000000000000000015 /* PencilSketchDemoView.swift in Sources */,
				A10000000000000000000016 /* PencilSketch.metal in Sources */,
				A10000000000000000000017 /* MacroblockErrorDemoView.swift in Sources */,
				A10000000000000000000018 /* MacroblockError.metal in Sources */,
				A10000000000000000000019 /* FrostedNoiseDemoView.swift in Sources */,
				A10000000000000000000020 /* FrostedNoise.metal in Sources */,
				A10000000000000000000021 /* TapeWrinkleDemoView.swift in Sources */,
				A10000000000000000000022 /* TapeWrinkle.metal in Sources */,
				A10000000000000000000023 /* ChannelFreezeDemoView.swift in Sources */,
				A10000000000000000000024 /* ChannelFreeze.metal in Sources */,
				A10000000000000000000025 /* SignalScrambleDemoView.swift in Sources */,
				A10000000000000000000026 /* SignalScramble.metal in Sources */,
				A10000000000000000000027 /* BurnDissolveDemoView.swift in Sources */,
				A10000000000000000000028 /* BurnDissolve.metal in Sources */,
				A10000000000000000000029 /* ChromaticAberrationDemoView.swift in Sources */,
				A10000000000000000000030 /* ChromaticAberration.metal in Sources */,
				A10000000000000000000031 /* BarcodeGlitchDemoView.swift in Sources */,
				A10000000000000000000032 /* BarcodeGlitch.metal in Sources */,
				A10000000000000000000033 /* HexBokehDemoView.swift in Sources */,
				A10000000000000000000034 /* HexBokeh.metal in Sources */,
				A10000000000000000000035 /* FeedbackLoopDemoView.swift in Sources */,
				A10000000000000000000036 /* FeedbackLoop.metal in Sources */,
				A10000000000000000000037 /* PixelSortingDemoView.swift in Sources */,
				A10000000000000000000038 /* PixelSorting.metal in Sources */,
				A10000000000000000000039 /* CrosshatchDemoView.swift in Sources */,
				A10000000000000000000040 /* Crosshatch.metal in Sources */,
			);
			runOnlyForDeploymentPostprocessing = 0;
		};
/* End PBXSourcesBuildPhase section */

/* Begin XCBuildConfiguration section */
		F10000000000000000000003 /* Debug */ = {
			isa = XCBuildConfiguration;
			buildSettings = {
				ALWAYS_SEARCH_USER_PATHS = NO;
				CLANG_ANALYZER_NONNULL = YES;
				CLANG_ENABLE_MODULES = YES;
				CLANG_ENABLE_OBJC_ARC = YES;
				DEBUG_INFORMATION_FORMAT = dwarf;
				ENABLE_TESTABILITY = YES;
				GCC_C_LANGUAGE_STANDARD = gnu17;
				GCC_OPTIMIZATION_LEVEL = 0;
				IPHONEOS_DEPLOYMENT_TARGET = 26.0;
				MTL_ENABLE_DEBUG_INFO = INCLUDE_SOURCE;
				MTL_FAST_MATH = YES;
				ONLY_ACTIVE_ARCH = YES;
				SDKROOT = iphoneos;
				SWIFT_ACTIVE_COMPILATION_CONDITIONS = "DEBUG $(inherited)";
				SWIFT_OPTIMIZATION_LEVEL = "-Onone";
			};
			name = Debug;
		};
		F10000000000000000000004 /* Release */ = {
			isa = XCBuildConfiguration;
			buildSettings = {
				ALWAYS_SEARCH_USER_PATHS = NO;
				CLANG_ANALYZER_NONNULL = YES;
				CLANG_ENABLE_MODULES = YES;
				CLANG_ENABLE_OBJC_ARC = YES;
				COPY_PHASE_STRIP = NO;
				DEBUG_INFORMATION_FORMAT = "dwarf-with-dsym";
				ENABLE_NS_ASSERTIONS = NO;
				GCC_C_LANGUAGE_STANDARD = gnu17;
				IPHONEOS_DEPLOYMENT_TARGET = 26.0;
				MTL_ENABLE_DEBUG_INFO = NO;
				MTL_FAST_MATH = YES;
				SDKROOT = iphoneos;
				SWIFT_COMPILATION_MODE = wholemodule;
		};
			name = Release;
		};
		F10000000000000000000005 /* Debug */ = {
			isa = XCBuildConfiguration;
			buildSettings = {
				CODE_SIGN_STYLE = Automatic;
				CURRENT_PROJECT_VERSION = 1;
				DEVELOPMENT_ASSET_PATHS = "";
				GENERATE_INFOPLIST_FILE = YES;
				INFOPLIST_KEY_UIApplicationSceneManifest_Generation = YES;
				INFOPLIST_KEY_UILaunchScreen_Generation = YES;
				LD_RUNPATH_SEARCH_PATHS = (
					"$(inherited)",
					"@executable_path/Frameworks",
				);
				MARKETING_VERSION = 1.0;
				PRODUCT_BUNDLE_IDENTIFIER = com.mikalaitsyhankou.IOSMetalShaders;
				PRODUCT_NAME = "$(TARGET_NAME)";
				SUPPORTED_PLATFORMS = "iphoneos iphonesimulator";
				SWIFT_APPROACHABLE_CONCURRENCY = YES;
				SWIFT_DEFAULT_ACTOR_ISOLATION = MainActor;
				SWIFT_EMIT_LOC_STRINGS = YES;
				SWIFT_STRICT_CONCURRENCY = complete;
				SWIFT_VERSION = 6.0;
				TARGETED_DEVICE_FAMILY = "1,2";
			};
			name = Debug;
		};
		F10000000000000000000006 /* Release */ = {
			isa = XCBuildConfiguration;
			buildSettings = {
				CODE_SIGN_STYLE = Automatic;
				CURRENT_PROJECT_VERSION = 1;
				DEVELOPMENT_ASSET_PATHS = "";
				GENERATE_INFOPLIST_FILE = YES;
				INFOPLIST_KEY_UIApplicationSceneManifest_Generation = YES;
				INFOPLIST_KEY_UILaunchScreen_Generation = YES;
				LD_RUNPATH_SEARCH_PATHS = (
					"$(inherited)",
					"@executable_path/Frameworks",
				);
				MARKETING_VERSION = 1.0;
				PRODUCT_BUNDLE_IDENTIFIER = com.mikalaitsyhankou.IOSMetalShaders;
				PRODUCT_NAME = "$(TARGET_NAME)";
				SUPPORTED_PLATFORMS = "iphoneos iphonesimulator";
				SWIFT_APPROACHABLE_CONCURRENCY = YES;
				SWIFT_DEFAULT_ACTOR_ISOLATION = MainActor;
				SWIFT_EMIT_LOC_STRINGS = YES;
				SWIFT_STRICT_CONCURRENCY = complete;
				SWIFT_VERSION = 6.0;
				TARGETED_DEVICE_FAMILY = "1,2";
			};
			name = Release;
		};
/* End XCBuildConfiguration section */

/* Begin XCConfigurationList section */
		F10000000000000000000001 /* Build configuration list for PBXProject "IOSMetalShaders" */ = {
			isa = XCConfigurationList;
			buildConfigurations = (
				F10000000000000000000003 /* Debug */,
				F10000000000000000000004 /* Release */,
			);
			defaultConfigurationIsVisible = 0;
			defaultConfigurationName = Release;
		};
		F10000000000000000000002 /* Build configuration list for PBXNativeTarget "IOSMetalShaders" */ = {
			isa = XCConfigurationList;
			buildConfigurations = (
				F10000000000000000000005 /* Debug */,
				F10000000000000000000006 /* Release */,
			);
			defaultConfigurationIsVisible = 0;
			defaultConfigurationName = Release;
		};
/* End XCConfigurationList section */
	};
	rootObject = E10000000000000000000002 /* Project object */;
}
